
Microsoft Visual Studio Solution File, Format Version 12.00
# Visual Studio 15
VisualStudioVersion = 15.0.27130.2020
MinimumVisualStudioVersion = 10.0.40219.1
Project("{FAE04EC0-301F-11D3-BF4B-00C04F79EFBC}") = "AdventureView", "AdventureGame\AdventureView.csproj", "{AE45A16A-FA66-4906-B87F-7E5A12CE6C63}"
EndProject
Project("{FAE04EC0-301F-11D3-BF4B-00C04F79EFBC}") = "AdventureEngine", "AdventureEngine\AdventureEngine.csproj", "{EF901791-35DF-4F41-810D-AA5961EF30DF}"
EndProject
Global
	GlobalSection(SolutionConfigurationPlatforms) = preSolution
		Debug|Any CPU = Debug|Any CPU
		Release|Any CPU = Release|Any CPU
	EndGlobalSection
	GlobalSection(ProjectConfigurationPlatforms) = postSolution
		{AE45A16A-FA66-4906-B87F-7E5A12CE6C63}.Debug|Any CPU.ActiveCfg = Debug|Any CPU
		{AE45A16A-FA66-4906-B87F-7E5A12CE6C63}.Debug|Any CPU.Build.0 = Debug|Any CPU
		{AE45A16A-FA66-4906-B87F-7E5A12CE6C63}.Release|Any CPU.ActiveCfg = Release|Any CPU
		{AE45A16A-FA66-4906-B87F-7E5A12CE6C63}.Release|Any CPU.Build.0 = Release|Any CPU
		{EF901791-35DF-4F41-810D-AA5961EF30DF}.Debug|Any CPU.ActiveCfg = Debug|Any CPU
		{EF901791-35DF-4F41-810D-AA5961EF30DF}.Debug|Any CPU.Build.0 = Debug|Any CPU
		{EF901791-35DF-4F41-810D-AA5961EF30DF}.Release|Any CPU.ActiveCfg = Release|Any CPU
		{EF901791-35DF-4F41-810D-AA5961EF30DF}.Release|Any CPU.Build.0 = Release|Any CPU
	EndGlobalSection
	GlobalSection(SolutionProperties) = preSolution
		HideSolutionNode = FALSE
	EndGlobalSection
	GlobalSection(ExtensibilityGlobals) = postSolution
		SolutionGuid = {A4A883B8-7D0F-4454-93A5-884485BFE0BE}
	EndGlobalSection
EndGlobal
